Microsoft Visual Studio Solution File, Format Version 11.00
# Visual Studio 2015
Project("{20025A12-2966-D948-3223-730E7E88E8D1}") = "WaveX", "WaveX.vcxproj", "{7B7D96EA-2B07-B1A2-8B24-A331F000BA64}"
EndProject
Global
	GlobalSection(SolutionConfigurationPlatforms) = preSolution
		Debug|Win32 = Debug|Win32
		Release|Win32 = Release|Win32
	EndGlobalSection
	GlobalSection(ProjectConfigurationPlatforms) = postSolution
		{7B7D96EA-2B07-B1A2-8B24-A331F000BA64}.Debug|Win32.ActiveCfg = Debug|Win32
		{7B7D96EA-2B07-B1A2-8B24-A331F000BA64}.Debug|Win32.Build.0 = Debug|Win32
		{7B7D96EA-2B07-B1A2-8B24-A331F000BA64}.Release|Win32.ActiveCfg = Release|Win32
		{7B7D96EA-2B07-B1A2-8B24-A331F000BA64}.Release|Win32.Build.0 = Release|Win32
	EndGlobalSection
	GlobalSection(SolutionProperties) = preSolution
		HideSolutionNode = FALSE
	EndGlobalSection
EndGlobal
